<?xml version="1.0" encoding="utf-8"?>
<Project ToolsVersion="4.0" xmlns="http://schemas.microsoft.com/developer/msbuild/2003">
  <ItemGroup>
    <ClCompile Include="cData.cpp">
      <Filter>Source Files</Filter>
    </ClCompile>
    <ClCompile Include="cGame.cpp">
      <Filter>Source Files</Filter>
    </ClCompile>
    <ClCompile Include="cScene.cpp">
      <Filter>Source Files</Filter>
    </ClCompile>
    <ClCompile Include="cTexture.cpp">
      <Filter>Source Files</Filter>
    </ClCompile>
    <ClCompile Include="GLUTMain.cpp">
      <Filter>Source Files</Filter>
    </ClCompile>
    <ClCompile Include="cCamera.cpp">
      <Filter>Source Files</Filter>
    </ClCompile>
    <ClCompile Include="cPlayer.cpp">
      <Filter>Source Files</Filter>
    </ClCompile>
    <ClCompile Include="cShader.cpp">
      <Filter>Source Files</Filter>
    </ClCompile>
    <ClCompile Include="cSound.cpp">
      <Filter>Source Files</Filter>
    </ClCompile>
    <ClCompile Include="cBicho.cpp">
      <Filter>Source Files</Filter>
    </ClCompile>
    <ClCompile Include="cTerrain.cpp">
      <Filter>Source Files</Filter>
    </ClCompile>
    <ClCompile Include="cSkybox.cpp">
      <Filter>Source Files</Filter>
    </ClCompile>
    <ClCompile Include="cLava.cpp">
      <Filter>Source Files</Filter>
    </ClCompile>
    <ClCompile Include="cRespawnPoint.cpp">
      <Filter>Source Files</Filter>
    </ClCompile>
    <ClCompile Include="cKey.cpp">
      <Filter>Source Files</Filter>
    </ClCompile>
    <ClCompile Include="cPortal.cpp">
      <Filter>Source Files</Filter>
    </ClCompile>
    <ClCompile Include="cModel.cpp">
      <Filter>Source Files</Filter>
    </ClCompile>
    <ClCompile Include="cColumn.cpp">
      <Filter>Source Files</Filter>
    </ClCompile>
  </ItemGroup>
  <ItemGroup>
    <ClInclude Include="cData.h">
      <Filter>Header Files</Filter>
    </ClInclude>
    <ClInclude Include="cGame.h">
      <Filter>Header Files</Filter>
    </ClInclude>
    <ClInclude Include="cScene.h">
      <Filter>Header Files</Filter>
    </ClInclude>
    <ClInclude Include="cTexture.h">
      <Filter>Header Files</Filter>
    </ClInclude>
    <ClInclude Include="Globals.h">
      <Filter>Header Files</Filter>
    </ClInclude>
    <ClInclude Include="cCamera.h">
      <Filter>Header Files</Filter>
    </ClInclude>
    <ClInclude Include="cPlayer.h">
      <Filter>Header Files</Filter>
    </ClInclude>
    <ClInclude Include="cShader.h">
      <Filter>Header Files</Filter>
    </ClInclude>
    <ClInclude Include="cSound.h">
      <Filter>Header Files</Filter>
    </ClInclude>
    <ClInclude Include="cBicho.h">
      <Filter>Header Files</Filter>
    </ClInclude>
    <ClInclude Include="cTerrain.h">
      <Filter>Header Files</Filter>
    </ClInclude>
    <ClInclude Include="cSkybox.h">
      <Filter>Header Files</Filter>
    </ClInclude>
    <ClInclude Include="cLava.h">
      <Filter>Header Files</Filter>
    </ClInclude>
    <ClInclude Include="cRespawnPoint.h">
      <Filter>Header Files</Filter>
    </ClInclude>
    <ClInclude Include="cKey.h">
      <Filter>Header Files</Filter>
    </ClInclude>
    <ClInclude Include="cPortal.h">
      <Filter>Header Files</Filter>
    </ClInclude>
    <ClInclude Include="cModel.h">
      <Filter>Header Files</Filter>
    </ClInclude>
    <ClInclude Include="cColumn.h">
      <Filter>Header Files</Filter>
    </ClInclude>
  </ItemGroup>
  <ItemGroup>
    <Filter Include="Header Files">
      <UniqueIdentifier>{4852e959-3f4d-4b33-ab15-b7d3962ad0c1}</UniqueIdentifier>
    </Filter>
    <Filter Include="Source Files">
      <UniqueIdentifier>{defe8113-a229-46c7-80ea-63c6a2f7a0eb}</UniqueIdentifier>
    </Filter>
  </ItemGroup>
</Project>